{
  "name": "cmpsc297hw2",
  "version": "1.0.0",
  "lockfileVersion": 2,
  "requires": true,
  "packages": {
    "": {
      "name": "cmpsc297hw2",
      "version": "1.0.0",
      "license": "ISC",
      "dependencies": {
        "rgb-hsv": "^1.0.0"
      }
    },
    "node_modules/rgb-hsv": {
      "version": "1.0.0",
      "resolved": "https://registry.npmjs.org/rgb-hsv/-/rgb-hsv-1.0.0.tgz",
      "integrity": "sha512-ELSm4l3gRJLMK/k4MFvtxvDYdXntyRUNISjIIoXFVpUkTlCL5Dc0ZQV7c0/9S1ubQyaqmstjQPGZLOyFKQDQEg=="
    }
  },
  "dependencies": {
    "rgb-hsv": {
      "version": "1.0.0",
      "resolved": "https://registry.npmjs.org/rgb-hsv/-/rgb-hsv-1.0.0.tgz",
      "integrity": "sha512-ELSm4l3gRJLMK/k4MFvtxvDYdXntyRUNISjIIoXFVpUkTlCL5Dc0ZQV7c0/9S1ubQyaqmstjQPGZLOyFKQDQEg=="
    }
  }
}
